<?xml version="1.0" encoding="utf-8"?>
<Project ToolsVersion="4.0" xmlns="http://schemas.microsoft.com/developer/msbuild/2003">
  <ItemGroup>
    <Filter Include="Source Files">
      <UniqueIdentifier>{4FC737F1-C7A5-4376-A066-2A32D752A2FF}</UniqueIdentifier>
      <Extensions>cpp;c;cc;cxx;c++;def;odl;idl;hpj;bat;asm;asmx</Extensions>
    </Filter>
    <Filter Include="Header Files">
      <UniqueIdentifier>{93995380-89BD-4b04-88EB-625FBE52EBFB}</UniqueIdentifier>
      <Extensions>h;hh;hpp;hxx;h++;hm;inl;inc;ipp;xsd</Extensions>
    </Filter>
    <Filter Include="Resource Files">
      <UniqueIdentifier>{67DA6AB6-F800-4c08-8B7A-83BB121AAD01}</UniqueIdentifier>
      <Extensions>rc;ico;cur;bmp;dlg;rc2;rct;bin;rgs;gif;jpg;jpeg;jpe;resx;tiff;tif;png;wav;mfcribbon-ms</Extensions>
    </Filter>
  </ItemGroup>
  <ItemGroup>
    <ClInclude Include="..\addspace.hpp">
      <Filter>Header Files</Filter>
    </ClInclude>
    <ClInclude Include="..\addvalue.hpp">
      <Filter>Header Files</Filter>
    </ClInclude>
    <ClInclude Include="..\arrays.hpp">
      <Filter>Header Files</Filter>
    </ClInclude>
    <ClInclude Include="..\boolstring.hpp">
      <Filter>Header Files</Filter>
    </ClInclude>
    <ClInclude Include="..\boolstringgetbool.hpp">
      <Filter>Header Files</Filter>
    </ClInclude>
    <ClInclude Include="..\byref.hpp">
      <Filter>Header Files</Filter>
    </ClInclude>
    <ClInclude Include="..\byvalue.hpp">
      <Filter>Header Files</Filter>
    </ClInclude>
    <ClInclude Include="..\foreach.hpp">
      <Filter>Header Files</Filter>
    </ClInclude>
    <ClInclude Include="..\foreachinvoke.hpp">
      <Filter>Header Files</Filter>
    </ClInclude>
    <ClInclude Include="..\invoke.hpp">
      <Filter>Header Files</Filter>
    </ClInclude>
    <ClInclude Include="..\invokeret.hpp">
      <Filter>Header Files</Filter>
    </ClInclude>
    <ClInclude Include="..\isprime.hpp">
      <Filter>Header Files</Filter>
    </ClInclude>
    <ClInclude Include="..\isprime11.hpp">
      <Filter>Header Files</Filter>
    </ClInclude>
    <ClInclude Include="..\isprime14.hpp">
      <Filter>Header Files</Filter>
    </ClInclude>
    <ClInclude Include="..\len1.hpp">
      <Filter>Header Files</Filter>
    </ClInclude>
    <ClInclude Include="..\len2.hpp">
      <Filter>Header Files</Filter>
    </ClInclude>
    <ClInclude Include="..\lessarray.hpp">
      <Filter>Header Files</Filter>
    </ClInclude>
    <ClInclude Include="..\lessstring.hpp">
      <Filter>Header Files</Filter>
    </ClInclude>
    <ClInclude Include="..\max1.hpp">
      <Filter>Header Files</Filter>
    </ClInclude>
    <ClInclude Include="..\maxauto.hpp">
      <Filter>Header Files</Filter>
    </ClInclude>
    <ClInclude Include="..\maxcommon.hpp">
      <Filter>Header Files</Filter>
    </ClInclude>
    <ClInclude Include="..\maxconstexpr.hpp">
      <Filter>Header Files</Filter>
    </ClInclude>
    <ClInclude Include="..\maxdecltype.hpp">
      <Filter>Header Files</Filter>
    </ClInclude>
    <ClInclude Include="..\maxdecltypedecay.hpp">
      <Filter>Header Files</Filter>
    </ClInclude>
    <ClInclude Include="..\maxdefault1.hpp">
      <Filter>Header Files</Filter>
    </ClInclude>
    <ClInclude Include="..\maxdefault3.hpp">
      <Filter>Header Files</Filter>
    </ClInclude>
    <ClInclude Include="..\maxdefault4.hpp">
      <Filter>Header Files</Filter>
    </ClInclude>
    <ClInclude Include="..\maxdefaultdeclval.hpp">
      <Filter>Header Files</Filter>
    </ClInclude>
    <ClInclude Include="..\myfirst.hpp">
      <Filter>Header Files</Filter>
    </ClInclude>
    <ClInclude Include="..\myfirst2.hpp">
      <Filter>Header Files</Filter>
    </ClInclude>
    <ClInclude Include="..\printcoll.hpp">
      <Filter>Header Files</Filter>
    </ClInclude>
    <ClInclude Include="..\specialmemtmpl2.hpp">
      <Filter>Header Files</Filter>
    </ClInclude>
    <ClInclude Include="..\specialmemtmpl3.hpp">
      <Filter>Header Files</Filter>
    </ClInclude>
    <ClInclude Include="..\stack1.hpp">
      <Filter>Header Files</Filter>
    </ClInclude>
    <ClInclude Include="..\stack2.hpp">
      <Filter>Header Files</Filter>
    </ClInclude>
    <ClInclude Include="..\stack3.hpp">
      <Filter>Header Files</Filter>
    </ClInclude>
    <ClInclude Include="..\stack5assign.hpp">
      <Filter>Header Files</Filter>
    </ClInclude>
    <ClInclude Include="..\stack5decl.hpp">
      <Filter>Header Files</Filter>
    </ClInclude>
    <ClInclude Include="..\stack6assign.hpp">
      <Filter>Header Files</Filter>
    </ClInclude>
    <ClInclude Include="..\stack6decl.hpp">
      <Filter>Header Files</Filter>
    </ClInclude>
    <ClInclude Include="..\stack7assign.hpp">
      <Filter>Header Files</Filter>
    </ClInclude>
    <ClInclude Include="..\stack7decl.hpp">
      <Filter>Header Files</Filter>
    </ClInclude>
    <ClInclude Include="..\stack8decl.hpp">
      <Filter>Header Files</Filter>
    </ClInclude>
    <ClInclude Include="..\stack9.hpp">
      <Filter>Header Files</Filter>
    </ClInclude>
    <ClInclude Include="..\stackauto.hpp">
      <Filter>Header Files</Filter>
    </ClInclude>
    <ClInclude Include="..\stackdeduce1.hpp">
      <Filter>Header Files</Filter>
    </ClInclude>
    <ClInclude Include="..\stacknontype.hpp">
      <Filter>Header Files</Filter>
    </ClInclude>
    <ClInclude Include="..\stackpartspec.hpp">
      <Filter>Header Files</Filter>
    </ClInclude>
    <ClInclude Include="..\varprint1.hpp">
      <Filter>Header Files</Filter>
    </ClInclude>
    <ClInclude Include="..\varprint2.hpp">
      <Filter>Header Files</Filter>
    </ClInclude>
  </ItemGroup>
  <ItemGroup>
    <ClCompile Include="..\arrays.cpp">
      <Filter>Source Files</Filter>
    </ClCompile>
    <ClCompile Include="..\cref.cpp">
      <Filter>Source Files</Filter>
    </ClCompile>
    <ClCompile Include="..\errornovel1.cpp">
      <Filter>Source Files</Filter>
    </ClCompile>
    <ClCompile Include="..\errornovel2.cpp">
      <Filter>Source Files</Filter>
    </ClCompile>
    <ClCompile Include="..\foldtraverse.cpp">
      <Filter>Source Files</Filter>
    </ClCompile>
    <ClCompile Include="..\foreach.cpp">
      <Filter>Source Files</Filter>
    </ClCompile>
    <ClCompile Include="..\foreachinvoke.cpp">
      <Filter>Source Files</Filter>
    </ClCompile>
    <ClCompile Include="..\max1.cpp">
      <Filter>Source Files</Filter>
    </ClCompile>
    <ClCompile Include="..\max2.cpp">
      <Filter>Source Files</Filter>
    </ClCompile>
    <ClCompile Include="..\max3ref.cpp">
      <Filter>Source Files</Filter>
    </ClCompile>
    <ClCompile Include="..\max3val.cpp">
      <Filter>Source Files</Filter>
    </ClCompile>
    <ClCompile Include="..\max4.cpp">
      <Filter>Source Files</Filter>
    </ClCompile>
    <ClCompile Include="..\message.cpp">
      <Filter>Source Files</Filter>
    </ClCompile>
    <ClCompile Include="..\move1.cpp">
      <Filter>Source Files</Filter>
    </ClCompile>
    <ClCompile Include="..\move2.cpp">
      <Filter>Source Files</Filter>
    </ClCompile>
    <ClCompile Include="..\myfirst.cpp">
      <Filter>Source Files</Filter>
    </ClCompile>
    <ClCompile Include="..\myfirstmain.cpp">
      <Filter>Source Files</Filter>
    </ClCompile>
    <ClCompile Include="..\referror1.cpp">
      <Filter>Source Files</Filter>
    </ClCompile>
    <ClCompile Include="..\referror2.cpp">
      <Filter>Source Files</Filter>
    </ClCompile>
    <ClCompile Include="..\specialmemtmpl1.cpp">
      <Filter>Source Files</Filter>
    </ClCompile>
    <ClCompile Include="..\specialmemtmpl3.cpp">
      <Filter>Source Files</Filter>
    </ClCompile>
    <ClCompile Include="..\stack1test.cpp">
      <Filter>Source Files</Filter>
    </ClCompile>
    <ClCompile Include="..\stack3test.cpp">
      <Filter>Source Files</Filter>
    </ClCompile>
    <ClCompile Include="..\stack9test.cpp">
      <Filter>Source Files</Filter>
    </ClCompile>
    <ClCompile Include="..\stackauto.cpp">
      <Filter>Source Files</Filter>
    </ClCompile>
    <ClCompile Include="..\stacknontype.cpp">
      <Filter>Source Files</Filter>
    </ClCompile>
    <ClCompile Include="..\tmplparamref.cpp">
      <Filter>Source Files</Filter>
    </ClCompile>
    <ClCompile Include="..\varusing.cpp">
      <Filter>Source Files</Filter>
    </ClCompile>
  </ItemGroup>
</Project>